
Microsoft Visual Studio Solution File, Format Version 12.00
Project("{2150E333-8FDC-42A3-9474-1A3956D46DE8}") = "Solution Items", "Solution Items", "{A1B2C3D4-E5F6-7890-ABCD-EF1234567890}"
	ProjectSection(SolutionItems) = preProject
		LICENSE = LICENSE
		README.md = README.md
		.gitignore = .gitignore
		CHANGELOG.md = CHANGELOG.md
	EndProjectSection
EndProject
Project("{FAE04EC0-301F-11D3-BF4B-00C04F79EFBC}") = "FlexKit.Configuration", "FlexKit.Configuration\FlexKit.Configuration.csproj", "{BCA64648-E83E-4E5A-9ED7-B3720CA125C3}"
EndProject
Project("{2150E333-8FDC-42A3-9474-1A3956D46DE8}") = "src", "src", "{7A6DFB3B-9FF1-41B5-A109-33C03EE11F2C}"
EndProject
Project("{2150E333-8FDC-42A3-9474-1A3956D46DE8}") = "tests", "tests", "{F60C1E3A-80C0-4F52-9CE0-C3D24657A3AC}"
EndProject
Project("{2150E333-8FDC-42A3-9474-1A3956D46DE8}") = "build", "build", "{CABC8A5A-C713-4EAE-8C3D-D3EA33A42845}"
EndProject
Project("{2150E333-8FDC-42A3-9474-1A3956D46DE8}") = "smaples", "smaples", "{B3D779EA-3F0D-4932-BCF6-A7094904B33B}"
EndProject
Project("{2150E333-8FDC-42A3-9474-1A3956D46DE8}") = "docs", "docs", "{9C27065F-E1D7-49F8-9C9C-073C31E3FC30}"
	ProjectSection(SolutionItems) = preProject
		docs\flexkit-style-guide.md = docs\flexkit-style-guide.md
	EndProjectSection
EndProject
Project("{2150E333-8FDC-42A3-9474-1A3956D46DE8}") = "Rules", "Rules", "{A461EAB2-9B07-497E-A5E6-F50B684A07D8}"
	ProjectSection(SolutionItems) = preProject
		.editorconfig = .editorconfig
		Directory.Build.props = Directory.Build.props
		Directory.Build.targets = Directory.Build.targets
		global.json = global.json
	EndProjectSection
EndProject
Project("{2150E333-8FDC-42A3-9474-1A3956D46DE8}") = "config", "config", "{4521F6D9-5DA9-4D90-AD6C-FABE69E785CD}"
EndProject
Project("{FAE04EC0-301F-11D3-BF4B-00C04F79EFBC}") = "FlexKit.Configuration.AspNetCore", "FlexKit.Configuration.AspNetCore\FlexKit.Configuration.AspNetCore.csproj", "{97A974CA-695F-4B46-A75D-C3346C6AA384}"
EndProject
Global
	GlobalSection(SolutionConfigurationPlatforms) = preSolution
		Debug|Any CPU = Debug|Any CPU
		Release|Any CPU = Release|Any CPU
	EndGlobalSection
	GlobalSection(ProjectConfigurationPlatforms) = postSolution
		{BCA64648-E83E-4E5A-9ED7-B3720CA125C3}.Debug|Any CPU.ActiveCfg = Debug|Any CPU
		{BCA64648-E83E-4E5A-9ED7-B3720CA125C3}.Debug|Any CPU.Build.0 = Debug|Any CPU
		{BCA64648-E83E-4E5A-9ED7-B3720CA125C3}.Release|Any CPU.ActiveCfg = Release|Any CPU
		{BCA64648-E83E-4E5A-9ED7-B3720CA125C3}.Release|Any CPU.Build.0 = Release|Any CPU
		{97A974CA-695F-4B46-A75D-C3346C6AA384}.Debug|Any CPU.ActiveCfg = Debug|Any CPU
		{97A974CA-695F-4B46-A75D-C3346C6AA384}.Debug|Any CPU.Build.0 = Debug|Any CPU
		{97A974CA-695F-4B46-A75D-C3346C6AA384}.Release|Any CPU.ActiveCfg = Release|Any CPU
		{97A974CA-695F-4B46-A75D-C3346C6AA384}.Release|Any CPU.Build.0 = Release|Any CPU
	EndGlobalSection
	GlobalSection(NestedProjects) = preSolution
		{4521F6D9-5DA9-4D90-AD6C-FABE69E785CD} = {7A6DFB3B-9FF1-41B5-A109-33C03EE11F2C}
		{BCA64648-E83E-4E5A-9ED7-B3720CA125C3} = {4521F6D9-5DA9-4D90-AD6C-FABE69E785CD}
		{97A974CA-695F-4B46-A75D-C3346C6AA384} = {4521F6D9-5DA9-4D90-AD6C-FABE69E785CD}
	EndGlobalSection
EndGlobal
