
Microsoft Visual Studio Solution File, Format Version 12.00
Project("{2150E333-8FDC-42A3-9474-1A3956D46DE8}") = "src", "src", "{7A6DFB3B-9FF1-41B5-A109-33C03EE11F2C}"
	ProjectSection(SolutionItems) = preProject
		.gitignore = .gitignore
		.gitattributes = .gitattributes
	EndProjectSection
EndProject
Project("{2150E333-8FDC-42A3-9474-1A3956D46DE8}") = "tests", "tests", "{F60C1E3A-80C0-4F52-9CE0-C3D24657A3AC}"
EndProject
Project("{2150E333-8FDC-42A3-9474-1A3956D46DE8}") = "build", "build", "{CABC8A5A-C713-4EAE-8C3D-D3EA33A42845}"
	ProjectSection(SolutionItems) = preProject
		Directory.Build.props = Directory.Build.props
		Directory.Build.targets = Directory.Build.targets
	EndProjectSection
EndProject
Project("{2150E333-8FDC-42A3-9474-1A3956D46DE8}") = "docs", "docs", "{9C27065F-E1D7-49F8-9C9C-073C31E3FC30}"
	ProjectSection(SolutionItems) = preProject
		docs\flexkit-style-guide.md = docs\flexkit-style-guide.md
		CHANGELOG.md = CHANGELOG.md
		README.md = README.md
		LICENSE = LICENSE
	EndProjectSection
EndProject
Project("{2150E333-8FDC-42A3-9474-1A3956D46DE8}") = "samples", "samples", "{731E5676-CC1B-4E4E-98C6-AF5CAB518362}"
EndProject
Project("{2150E333-8FDC-42A3-9474-1A3956D46DE8}") = "ProjectTemplates", "ProjectTemplates", "{EEDA0AD3-426C-426B-8832-B34B21B1D332}"
EndProject
Project("{2150E333-8FDC-42A3-9474-1A3956D46DE8}") = "scripts", "scripts", "{4AF8020B-0106-4856-A1CB-89186A42F58D}"
	ProjectSection(SolutionItems) = preProject
		tests\scripts\coverage.ps1 = tests\scripts\coverage.ps1
		tests\scripts\integration.ps1 = tests\scripts\integration.ps1
		tests\scripts\integration.sh = tests\scripts\integration.sh
		tests\scripts\coverage.sh = tests\scripts\coverage.sh
	EndProjectSection
EndProject
Project("{FAE04EC0-301F-11D3-BF4B-00C04F79EFBC}") = "FlexKit.Configuration", "src\FlexKit.Configuration\FlexKit.Configuration.csproj", "{675C7DE3-C822-423C-8F95-86E9D2F1D1B3}"
EndProject
Project("{2150E333-8FDC-42A3-9474-1A3956D46DE8}") = "configuration", "configuration", "{FDE5555A-87A2-4EDD-92DF-7948CD95E4CB}"
EndProject
Project("{2150E333-8FDC-42A3-9474-1A3956D46DE8}") = "rules", "rules", "{196B674C-64F3-4589-AF46-7C27B5538E1F}"
	ProjectSection(SolutionItems) = preProject
		tests\Directory.Build.props = tests\Directory.Build.props
		tests\Directory.Build.targets = tests\Directory.Build.targets
	EndProjectSection
EndProject
Project("{2150E333-8FDC-42A3-9474-1A3956D46DE8}") = "rules", "rules", "{E053FCC1-A44B-4D2F-BF1E-776F1343D07C}"
	ProjectSection(SolutionItems) = preProject
		src\.editorconfig = src\.editorconfig
		src\Directory.Build.props = src\Directory.Build.props
		src\Directory.Build.targets = src\Directory.Build.targets
		src\global.json = src\global.json
	EndProjectSection
EndProject
Project("{2150E333-8FDC-42A3-9474-1A3956D46DE8}") = "FlexKit-unit-test", "FlexKit-unit-test", "{6AC17111-DEE1-4150-92BB-93A75F63F7A2}"
	ProjectSection(SolutionItems) = preProject
		tests\ProjectTemplates\FlexKit-unit-test\.template.config\template.json = tests\ProjectTemplates\FlexKit-unit-test\.template.config\template.json
		tests\ProjectTemplates\FlexKit-unit-test\FlexKit.UnitTest.Template.csproj = tests\ProjectTemplates\FlexKit-unit-test\FlexKit.UnitTest.Template.csproj
	EndProjectSection
EndProject
Project("{2150E333-8FDC-42A3-9474-1A3956D46DE8}") = "unit_tests", "unit_tests", "{78B496C4-1EAF-4703-8625-1A2652843F0F}"
EndProject
Project("{2150E333-8FDC-42A3-9474-1A3956D46DE8}") = "FlexKit-performance-test", "FlexKit-performance-test", "{ADF6AFAF-697D-4B1E-9AE6-B7529B51B332}"
	ProjectSection(SolutionItems) = preProject
		tests\ProjectTemplates\FlexKit-performance-test\.template.config\template.json = tests\ProjectTemplates\FlexKit-performance-test\.template.config\template.json
		tests\ProjectTemplates\FlexKit-performance-test\FlexKit.PerformanceTest.Template.csproj = tests\ProjectTemplates\FlexKit-performance-test\FlexKit.PerformanceTest.Template.csproj
	EndProjectSection
EndProject
Project("{2150E333-8FDC-42A3-9474-1A3956D46DE8}") = "FlexKit-integration-test", "FlexKit-integration-test", "{FB953362-7F2F-433D-932C-52924B8B15C9}"
	ProjectSection(SolutionItems) = preProject
		tests\ProjectTemplates\FlexKit-integration-test\.template.config\template.json = tests\ProjectTemplates\FlexKit-integration-test\.template.config\template.json
		tests\ProjectTemplates\FlexKit-integration-test\FlexKit.IntegrationTest.Template.csproj = tests\ProjectTemplates\FlexKit-integration-test\FlexKit.IntegrationTest.Template.csproj
		tests\ProjectTemplates\FlexKit-integration-test\reqnroll.json = tests\ProjectTemplates\FlexKit-integration-test\reqnroll.json
	EndProjectSection
EndProject
Project("{FAE04EC0-301F-11D3-BF4B-00C04F79EFBC}") = "FlexKit.Configuration.Tests", "tests\FlexKit.Configuration.Tests\FlexKit.Configuration.Tests.csproj", "{11AD4093-67A3-4953-96A2-8E5A1F885401}"
EndProject
Project("{2150E333-8FDC-42A3-9474-1A3956D46DE8}") = "integration_tests", "integration_tests", "{A79CA617-3F5D-4017-97AC-41C70A117F2D}"
EndProject
Project("{FAE04EC0-301F-11D3-BF4B-00C04F79EFBC}") = "FlexKit.Configuration.Providers.Yaml", "src\FlexKit.Configuration.Providers.Yaml\FlexKit.Configuration.Providers.Yaml.csproj", "{A8BD4266-4B67-4011-BEBA-9BA0126AB340}"
EndProject
Project("{FAE04EC0-301F-11D3-BF4B-00C04F79EFBC}") = "FlexKit.Configuration.Providers.Azure", "src\FlexKit.Configuration.Providers.Azure\FlexKit.Configuration.Providers.Azure.csproj", "{A49CB9AC-43D3-4AB4-8A68-D1CCBF84DBE9}"
EndProject
Project("{FAE04EC0-301F-11D3-BF4B-00C04F79EFBC}") = "FlexKit.Configuration.Providers.Aws", "src\FlexKit.Configuration.Providers.Aws\FlexKit.Configuration.Providers.Aws.csproj", "{5D360394-A8A6-497F-9916-28988BC77A4A}"
EndProject
Project("{FAE04EC0-301F-11D3-BF4B-00C04F79EFBC}") = "FlexKit.Configuration.IntegrationTests", "tests\FlexKit.Configuration.IntegrationTests\FlexKit.Configuration.IntegrationTests.csproj", "{4C8073E6-2ACA-41A3-A1B4-F28F0440F762}"
EndProject
Project("{FAE04EC0-301F-11D3-BF4B-00C04F79EFBC}") = "FlexKit.IntegrationTests", "tests\FlexKit.IntegrationTests\FlexKit.IntegrationTests.csproj", "{173EE4F7-BD75-4212-8109-28CF01AFDD7B}"
EndProject
Project("{2150E333-8FDC-42A3-9474-1A3956D46DE8}") = "benchmarks", "benchmarks", "{2B210941-A9AD-487A-9FBC-5DB777CFA860}"
EndProject
Project("{FAE04EC0-301F-11D3-BF4B-00C04F79EFBC}") = "FlexKit.Configuration.PerformanceTests", "benchmarks\FlexKit.Configuration.PerformanceTests\FlexKit.Configuration.PerformanceTests.csproj", "{640F8BE9-B021-4E01-8968-676FBCE073F0}"
EndProject
Project("{2150E333-8FDC-42A3-9474-1A3956D46DE8}") = "scripts", "scripts", "{6DF4768B-4F1B-4649-9833-D13D073B362D}"
	ProjectSection(SolutionItems) = preProject
		benchmarks\benchmarks.ps1 = benchmarks\benchmarks.ps1
		benchmarks\benchmarks.sh = benchmarks\benchmarks.sh
	EndProjectSection
EndProject
Project("{2150E333-8FDC-42A3-9474-1A3956D46DE8}") = "configuration", "configuration", "{07B34B71-96D5-4881-B89E-EF8C4885BF9F}"
EndProject
Project("{FAE04EC0-301F-11D3-BF4B-00C04F79EFBC}") = "FlexKit.Configuration.Providers.Yaml.Tests", "tests\FlexKit.Configuration.Providers.Yaml.Tests\FlexKit.Configuration.Providers.Yaml.Tests.csproj", "{A2E2A2C0-C830-4972-B0B4-86AA232111F3}"
EndProject
Project("{FAE04EC0-301F-11D3-BF4B-00C04F79EFBC}") = "FlexKit.Configuration.Providers.Yaml.IntegrationTests", "tests\FlexKit.Configuration.Providers.Yaml.IntegrationTests\FlexKit.Configuration.Providers.Yaml.IntegrationTests.csproj", "{E8DEBEB9-E83B-4BFC-85F7-4D2A68A1EF97}"
EndProject
Project("{FAE04EC0-301F-11D3-BF4B-00C04F79EFBC}") = "FlexKit.Configuration.Providers.Yaml.PerformanceTests", "benchmarks\FlexKit.Configuration.Providers.Yaml.PerformanceTests\FlexKit.Configuration.Providers.Yaml.PerformanceTests.csproj", "{07D68849-A2CC-49E1-8495-2E598B44DC3F}"
EndProject
Project("{FAE04EC0-301F-11D3-BF4B-00C04F79EFBC}") = "FlexKit.Configuration.Providers.Aws.Tests", "tests\FlexKit.Configuration.Providers.Aws.Tests\FlexKit.Configuration.Providers.Aws.Tests.csproj", "{3999AAA9-4FA4-4813-BA2F-ED1368A64375}"
EndProject
Project("{FAE04EC0-301F-11D3-BF4B-00C04F79EFBC}") = "FlexKit.Configuration.Providers.Aws.IntegrationTests", "tests\FlexKit.Configuration.Providers.Aws.IntegrationTests\FlexKit.Configuration.Providers.Aws.IntegrationTests.csproj", "{C34F06E2-C999-414B-80CE-24A1760111A8}"
EndProject
Project("{FAE04EC0-301F-11D3-BF4B-00C04F79EFBC}") = "FlexKit.Configuration.Providers.Aws.PerformanceTests", "benchmarks\FlexKit.Configuration.Providers.Aws.PerformanceTests\FlexKit.Configuration.Providers.Aws.PerformanceTests.csproj", "{71E71507-AA54-4E85-A0A0-D5FF8ABCFBC2}"
EndProject
Project("{FAE04EC0-301F-11D3-BF4B-00C04F79EFBC}") = "FlexKit.Configuration.Providers.Azure.Tests", "tests\FlexKit.Configuration.Providers.Azure.Tests\FlexKit.Configuration.Providers.Azure.Tests.csproj", "{A4A8A943-8344-41AD-B03B-D7847CC87950}"
EndProject
Project("{2150E333-8FDC-42A3-9474-1A3956D46DE8}") = "configuration", "configuration", "{D9CE6C8E-6482-48A6-A38D-C2B8E8DB465B}"
EndProject
Project("{FAE04EC0-301F-11D3-BF4B-00C04F79EFBC}") = "FlexKit.Configuration.Providers.Azure.IntegrationTests", "tests\FlexKit.Configuration.Providers.Azure.IntegrationTests\FlexKit.Configuration.Providers.Azure.IntegrationTests.csproj", "{2A602A2D-B7EE-47D4-808D-EE678F2321A5}"
EndProject
Project("{FAE04EC0-301F-11D3-BF4B-00C04F79EFBC}") = "FlexKit.Configuration.Providers.Azure.PerformanceTests", "benchmarks\FlexKit.Configuration.Providers.Azure.PerformanceTests\FlexKit.Configuration.Providers.Azure.PerformanceTests.csproj", "{CC4794B4-7FD2-40CB-B3AC-486FEC50A6E9}"
EndProject
Project("{2150E333-8FDC-42A3-9474-1A3956D46DE8}") = "logging", "logging", "{0EB7994D-E95F-4C2D-8A94-5C9E5561B60B}"
EndProject
Project("{FAE04EC0-301F-11D3-BF4B-00C04F79EFBC}") = "FlexKit.Logging", "src\FlexKit.Logging\FlexKit.Logging.csproj", "{374A7F46-2E88-46FC-B777-B083C1379FB1}"
EndProject
Project("{FAE04EC0-301F-11D3-BF4B-00C04F79EFBC}") = "FlexKit.Logging.Serilog", "src\FlexKit.Logging.Serilog\FlexKit.Logging.Serilog.csproj", "{C24272C2-7E5F-4B84-8199-CE84F874C154}"
EndProject
Project("{FAE04EC0-301F-11D3-BF4B-00C04F79EFBC}") = "FlexKit.Logging.NLog", "src\FlexKit.Logging.NLog\FlexKit.Logging.NLog.csproj", "{ABB05F9F-B4A9-4FD9-8CF5-29C9B6EB4FDA}"
EndProject
Project("{FAE04EC0-301F-11D3-BF4B-00C04F79EFBC}") = "FlexKit.Logging.Log4Net", "src\FlexKit.Logging.Log4Net\FlexKit.Logging.Log4Net.csproj", "{C919A6A4-E91F-42F6-B0BF-DA121055CDD6}"
EndProject
Project("{FAE04EC0-301F-11D3-BF4B-00C04F79EFBC}") = "FlexKit.Logging.ZLogger", "src\FlexKit.Logging.ZLogger\FlexKit.Logging.ZLogger.csproj", "{78C5E128-41EA-410C-84F5-5F442CB0772B}"
EndProject
Project("{2150E333-8FDC-42A3-9474-1A3956D46DE8}") = "configuration", "configuration", "{94837FBC-8DEA-4FA1-A500-50EB7644767B}"
EndProject
Project("{2150E333-8FDC-42A3-9474-1A3956D46DE8}") = "logging", "logging", "{C95259DD-7E03-414D-9474-6C0A91458CF8}"
EndProject
Project("{FAE04EC0-301F-11D3-BF4B-00C04F79EFBC}") = "FlexKit.Logging.PerformanceTests", "benchmarks\FlexKit.Logging.PerformanceTests\FlexKit.Logging.PerformanceTests.csproj", "{58B04A4E-C934-4951-B4B4-D90FADE7F331}"
EndProject
Project("{FAE04EC0-301F-11D3-BF4B-00C04F79EFBC}") = "FlexKit.Logging.Log4Net.PerformanceTests", "benchmarks\FlexKit.Logging.Log4Net.PerformanceTests\FlexKit.Logging.Log4Net.PerformanceTests.csproj", "{191ECD45-6C6B-4204-986E-94902E2E6AFF}"
EndProject
Project("{FAE04EC0-301F-11D3-BF4B-00C04F79EFBC}") = "FlexKit.Logging.NLog.PerformanceTests", "benchmarks\FlexKit.Logging.NLog.PerformanceTests\FlexKit.Logging.NLog.PerformanceTests.csproj", "{3321E338-8F2D-4302-9DFC-68723132E294}"
EndProject
Project("{FAE04EC0-301F-11D3-BF4B-00C04F79EFBC}") = "FlexKit.Logging.Serilog.PerformanceTests", "benchmarks\FlexKit.Logging.Serilog.PerformanceTests\FlexKit.Logging.Serilog.PerformanceTests.csproj", "{B672AF8A-E957-4C2C-992D-197868F199E7}"
EndProject
Project("{FAE04EC0-301F-11D3-BF4B-00C04F79EFBC}") = "FlexKit.Logging.ZLogger.PerformanceTests", "benchmarks\FlexKit.Logging.ZLogger.PerformanceTests\FlexKit.Logging.ZLogger.PerformanceTests.csproj", "{6D229F50-149B-4D5D-9608-D89729526C24}"
EndProject
Project("{2150E333-8FDC-42A3-9474-1A3956D46DE8}") = "logging", "logging", "{EA2C9B3A-F03C-41CA-929E-B9A2F1CA418F}"
EndProject
Project("{2150E333-8FDC-42A3-9474-1A3956D46DE8}") = "logging", "logging", "{3C69FF89-2E54-42E0-B5DA-A0D38528755B}"
EndProject
Project("{FAE04EC0-301F-11D3-BF4B-00C04F79EFBC}") = "FlexKit.Logging.IntegrationTests", "tests\FlexKit.Logging.IntegrationTests\FlexKit.Logging.IntegrationTests.csproj", "{06703CE1-06AE-4021-889B-6554D7672063}"
EndProject
Project("{FAE04EC0-301F-11D3-BF4B-00C04F79EFBC}") = "FlexKitLoggingConsoleApp", "samples\FlexKitLoggingConsoleApp\FlexKitLoggingConsoleApp.csproj", "{1FD7290B-A08D-4CAF-917E-2D7D8AFF4C9C}"
EndProject
Project("{FAE04EC0-301F-11D3-BF4B-00C04F79EFBC}") = "FlexKitLoggingAspNetApp", "samples\FlexKitLoggingAspNetApp\FlexKitLoggingAspNetApp.csproj", "{F8F6CDE7-BAB0-4CAE-8581-BBBFCAD220E2}"
EndProject
Global
	GlobalSection(SolutionConfigurationPlatforms) = preSolution
		Debug|Any CPU = Debug|Any CPU
		Release|Any CPU = Release|Any CPU
	EndGlobalSection
	GlobalSection(ProjectConfigurationPlatforms) = postSolution
		{675C7DE3-C822-423C-8F95-86E9D2F1D1B3}.Debug|Any CPU.ActiveCfg = Debug|Any CPU
		{675C7DE3-C822-423C-8F95-86E9D2F1D1B3}.Debug|Any CPU.Build.0 = Debug|Any CPU
		{675C7DE3-C822-423C-8F95-86E9D2F1D1B3}.Release|Any CPU.ActiveCfg = Release|Any CPU
		{675C7DE3-C822-423C-8F95-86E9D2F1D1B3}.Release|Any CPU.Build.0 = Release|Any CPU
		{11AD4093-67A3-4953-96A2-8E5A1F885401}.Debug|Any CPU.ActiveCfg = Debug|Any CPU
		{11AD4093-67A3-4953-96A2-8E5A1F885401}.Debug|Any CPU.Build.0 = Debug|Any CPU
		{11AD4093-67A3-4953-96A2-8E5A1F885401}.Release|Any CPU.ActiveCfg = Release|Any CPU
		{11AD4093-67A3-4953-96A2-8E5A1F885401}.Release|Any CPU.Build.0 = Release|Any CPU
		{A8BD4266-4B67-4011-BEBA-9BA0126AB340}.Debug|Any CPU.ActiveCfg = Debug|Any CPU
		{A8BD4266-4B67-4011-BEBA-9BA0126AB340}.Debug|Any CPU.Build.0 = Debug|Any CPU
		{A8BD4266-4B67-4011-BEBA-9BA0126AB340}.Release|Any CPU.ActiveCfg = Release|Any CPU
		{A8BD4266-4B67-4011-BEBA-9BA0126AB340}.Release|Any CPU.Build.0 = Release|Any CPU
		{A49CB9AC-43D3-4AB4-8A68-D1CCBF84DBE9}.Debug|Any CPU.ActiveCfg = Debug|Any CPU
		{A49CB9AC-43D3-4AB4-8A68-D1CCBF84DBE9}.Debug|Any CPU.Build.0 = Debug|Any CPU
		{A49CB9AC-43D3-4AB4-8A68-D1CCBF84DBE9}.Release|Any CPU.ActiveCfg = Release|Any CPU
		{A49CB9AC-43D3-4AB4-8A68-D1CCBF84DBE9}.Release|Any CPU.Build.0 = Release|Any CPU
		{5D360394-A8A6-497F-9916-28988BC77A4A}.Debug|Any CPU.ActiveCfg = Debug|Any CPU
		{5D360394-A8A6-497F-9916-28988BC77A4A}.Debug|Any CPU.Build.0 = Debug|Any CPU
		{5D360394-A8A6-497F-9916-28988BC77A4A}.Release|Any CPU.ActiveCfg = Release|Any CPU
		{5D360394-A8A6-497F-9916-28988BC77A4A}.Release|Any CPU.Build.0 = Release|Any CPU
		{4C8073E6-2ACA-41A3-A1B4-F28F0440F762}.Debug|Any CPU.ActiveCfg = Debug|Any CPU
		{4C8073E6-2ACA-41A3-A1B4-F28F0440F762}.Debug|Any CPU.Build.0 = Debug|Any CPU
		{4C8073E6-2ACA-41A3-A1B4-F28F0440F762}.Release|Any CPU.ActiveCfg = Release|Any CPU
		{4C8073E6-2ACA-41A3-A1B4-F28F0440F762}.Release|Any CPU.Build.0 = Release|Any CPU
		{173EE4F7-BD75-4212-8109-28CF01AFDD7B}.Debug|Any CPU.ActiveCfg = Debug|Any CPU
		{173EE4F7-BD75-4212-8109-28CF01AFDD7B}.Debug|Any CPU.Build.0 = Debug|Any CPU
		{173EE4F7-BD75-4212-8109-28CF01AFDD7B}.Release|Any CPU.ActiveCfg = Release|Any CPU
		{173EE4F7-BD75-4212-8109-28CF01AFDD7B}.Release|Any CPU.Build.0 = Release|Any CPU
		{640F8BE9-B021-4E01-8968-676FBCE073F0}.Debug|Any CPU.ActiveCfg = Debug|Any CPU
		{640F8BE9-B021-4E01-8968-676FBCE073F0}.Debug|Any CPU.Build.0 = Debug|Any CPU
		{640F8BE9-B021-4E01-8968-676FBCE073F0}.Release|Any CPU.ActiveCfg = Release|Any CPU
		{640F8BE9-B021-4E01-8968-676FBCE073F0}.Release|Any CPU.Build.0 = Release|Any CPU
		{A2E2A2C0-C830-4972-B0B4-86AA232111F3}.Debug|Any CPU.ActiveCfg = Debug|Any CPU
		{A2E2A2C0-C830-4972-B0B4-86AA232111F3}.Debug|Any CPU.Build.0 = Debug|Any CPU
		{A2E2A2C0-C830-4972-B0B4-86AA232111F3}.Release|Any CPU.ActiveCfg = Release|Any CPU
		{A2E2A2C0-C830-4972-B0B4-86AA232111F3}.Release|Any CPU.Build.0 = Release|Any CPU
		{E8DEBEB9-E83B-4BFC-85F7-4D2A68A1EF97}.Debug|Any CPU.ActiveCfg = Debug|Any CPU
		{E8DEBEB9-E83B-4BFC-85F7-4D2A68A1EF97}.Debug|Any CPU.Build.0 = Debug|Any CPU
		{E8DEBEB9-E83B-4BFC-85F7-4D2A68A1EF97}.Release|Any CPU.ActiveCfg = Release|Any CPU
		{E8DEBEB9-E83B-4BFC-85F7-4D2A68A1EF97}.Release|Any CPU.Build.0 = Release|Any CPU
		{07D68849-A2CC-49E1-8495-2E598B44DC3F}.Debug|Any CPU.ActiveCfg = Debug|Any CPU
		{07D68849-A2CC-49E1-8495-2E598B44DC3F}.Debug|Any CPU.Build.0 = Debug|Any CPU
		{07D68849-A2CC-49E1-8495-2E598B44DC3F}.Release|Any CPU.ActiveCfg = Release|Any CPU
		{07D68849-A2CC-49E1-8495-2E598B44DC3F}.Release|Any CPU.Build.0 = Release|Any CPU
		{3999AAA9-4FA4-4813-BA2F-ED1368A64375}.Debug|Any CPU.ActiveCfg = Debug|Any CPU
		{3999AAA9-4FA4-4813-BA2F-ED1368A64375}.Debug|Any CPU.Build.0 = Debug|Any CPU
		{3999AAA9-4FA4-4813-BA2F-ED1368A64375}.Release|Any CPU.ActiveCfg = Release|Any CPU
		{3999AAA9-4FA4-4813-BA2F-ED1368A64375}.Release|Any CPU.Build.0 = Release|Any CPU
		{C34F06E2-C999-414B-80CE-24A1760111A8}.Debug|Any CPU.ActiveCfg = Debug|Any CPU
		{C34F06E2-C999-414B-80CE-24A1760111A8}.Debug|Any CPU.Build.0 = Debug|Any CPU
		{C34F06E2-C999-414B-80CE-24A1760111A8}.Release|Any CPU.ActiveCfg = Release|Any CPU
		{C34F06E2-C999-414B-80CE-24A1760111A8}.Release|Any CPU.Build.0 = Release|Any CPU
		{71E71507-AA54-4E85-A0A0-D5FF8ABCFBC2}.Debug|Any CPU.ActiveCfg = Debug|Any CPU
		{71E71507-AA54-4E85-A0A0-D5FF8ABCFBC2}.Debug|Any CPU.Build.0 = Debug|Any CPU
		{71E71507-AA54-4E85-A0A0-D5FF8ABCFBC2}.Release|Any CPU.ActiveCfg = Release|Any CPU
		{71E71507-AA54-4E85-A0A0-D5FF8ABCFBC2}.Release|Any CPU.Build.0 = Release|Any CPU
		{A4A8A943-8344-41AD-B03B-D7847CC87950}.Debug|Any CPU.ActiveCfg = Debug|Any CPU
		{A4A8A943-8344-41AD-B03B-D7847CC87950}.Debug|Any CPU.Build.0 = Debug|Any CPU
		{A4A8A943-8344-41AD-B03B-D7847CC87950}.Release|Any CPU.ActiveCfg = Release|Any CPU
		{A4A8A943-8344-41AD-B03B-D7847CC87950}.Release|Any CPU.Build.0 = Release|Any CPU
		{2A602A2D-B7EE-47D4-808D-EE678F2321A5}.Debug|Any CPU.ActiveCfg = Debug|Any CPU
		{2A602A2D-B7EE-47D4-808D-EE678F2321A5}.Debug|Any CPU.Build.0 = Debug|Any CPU
		{2A602A2D-B7EE-47D4-808D-EE678F2321A5}.Release|Any CPU.ActiveCfg = Release|Any CPU
		{2A602A2D-B7EE-47D4-808D-EE678F2321A5}.Release|Any CPU.Build.0 = Release|Any CPU
		{CC4794B4-7FD2-40CB-B3AC-486FEC50A6E9}.Debug|Any CPU.ActiveCfg = Debug|Any CPU
		{CC4794B4-7FD2-40CB-B3AC-486FEC50A6E9}.Debug|Any CPU.Build.0 = Debug|Any CPU
		{CC4794B4-7FD2-40CB-B3AC-486FEC50A6E9}.Release|Any CPU.ActiveCfg = Release|Any CPU
		{CC4794B4-7FD2-40CB-B3AC-486FEC50A6E9}.Release|Any CPU.Build.0 = Release|Any CPU
		{374A7F46-2E88-46FC-B777-B083C1379FB1}.Debug|Any CPU.ActiveCfg = Debug|Any CPU
		{374A7F46-2E88-46FC-B777-B083C1379FB1}.Debug|Any CPU.Build.0 = Debug|Any CPU
		{374A7F46-2E88-46FC-B777-B083C1379FB1}.Release|Any CPU.ActiveCfg = Release|Any CPU
		{374A7F46-2E88-46FC-B777-B083C1379FB1}.Release|Any CPU.Build.0 = Release|Any CPU
		{C24272C2-7E5F-4B84-8199-CE84F874C154}.Debug|Any CPU.ActiveCfg = Debug|Any CPU
		{C24272C2-7E5F-4B84-8199-CE84F874C154}.Debug|Any CPU.Build.0 = Debug|Any CPU
		{C24272C2-7E5F-4B84-8199-CE84F874C154}.Release|Any CPU.ActiveCfg = Release|Any CPU
		{C24272C2-7E5F-4B84-8199-CE84F874C154}.Release|Any CPU.Build.0 = Release|Any CPU
		{ABB05F9F-B4A9-4FD9-8CF5-29C9B6EB4FDA}.Debug|Any CPU.ActiveCfg = Debug|Any CPU
		{ABB05F9F-B4A9-4FD9-8CF5-29C9B6EB4FDA}.Debug|Any CPU.Build.0 = Debug|Any CPU
		{ABB05F9F-B4A9-4FD9-8CF5-29C9B6EB4FDA}.Release|Any CPU.ActiveCfg = Release|Any CPU
		{ABB05F9F-B4A9-4FD9-8CF5-29C9B6EB4FDA}.Release|Any CPU.Build.0 = Release|Any CPU
		{C919A6A4-E91F-42F6-B0BF-DA121055CDD6}.Debug|Any CPU.ActiveCfg = Debug|Any CPU
		{C919A6A4-E91F-42F6-B0BF-DA121055CDD6}.Debug|Any CPU.Build.0 = Debug|Any CPU
		{C919A6A4-E91F-42F6-B0BF-DA121055CDD6}.Release|Any CPU.ActiveCfg = Release|Any CPU
		{C919A6A4-E91F-42F6-B0BF-DA121055CDD6}.Release|Any CPU.Build.0 = Release|Any CPU
		{78C5E128-41EA-410C-84F5-5F442CB0772B}.Debug|Any CPU.ActiveCfg = Debug|Any CPU
		{78C5E128-41EA-410C-84F5-5F442CB0772B}.Debug|Any CPU.Build.0 = Debug|Any CPU
		{78C5E128-41EA-410C-84F5-5F442CB0772B}.Release|Any CPU.ActiveCfg = Release|Any CPU
		{78C5E128-41EA-410C-84F5-5F442CB0772B}.Release|Any CPU.Build.0 = Release|Any CPU
		{58B04A4E-C934-4951-B4B4-D90FADE7F331}.Debug|Any CPU.ActiveCfg = Debug|Any CPU
		{58B04A4E-C934-4951-B4B4-D90FADE7F331}.Debug|Any CPU.Build.0 = Debug|Any CPU
		{58B04A4E-C934-4951-B4B4-D90FADE7F331}.Release|Any CPU.ActiveCfg = Release|Any CPU
		{58B04A4E-C934-4951-B4B4-D90FADE7F331}.Release|Any CPU.Build.0 = Release|Any CPU
		{191ECD45-6C6B-4204-986E-94902E2E6AFF}.Debug|Any CPU.ActiveCfg = Debug|Any CPU
		{191ECD45-6C6B-4204-986E-94902E2E6AFF}.Debug|Any CPU.Build.0 = Debug|Any CPU
		{191ECD45-6C6B-4204-986E-94902E2E6AFF}.Release|Any CPU.ActiveCfg = Release|Any CPU
		{191ECD45-6C6B-4204-986E-94902E2E6AFF}.Release|Any CPU.Build.0 = Release|Any CPU
		{3321E338-8F2D-4302-9DFC-68723132E294}.Debug|Any CPU.ActiveCfg = Debug|Any CPU
		{3321E338-8F2D-4302-9DFC-68723132E294}.Debug|Any CPU.Build.0 = Debug|Any CPU
		{3321E338-8F2D-4302-9DFC-68723132E294}.Release|Any CPU.ActiveCfg = Release|Any CPU
		{3321E338-8F2D-4302-9DFC-68723132E294}.Release|Any CPU.Build.0 = Release|Any CPU
		{B672AF8A-E957-4C2C-992D-197868F199E7}.Debug|Any CPU.ActiveCfg = Debug|Any CPU
		{B672AF8A-E957-4C2C-992D-197868F199E7}.Debug|Any CPU.Build.0 = Debug|Any CPU
		{B672AF8A-E957-4C2C-992D-197868F199E7}.Release|Any CPU.ActiveCfg = Release|Any CPU
		{B672AF8A-E957-4C2C-992D-197868F199E7}.Release|Any CPU.Build.0 = Release|Any CPU
		{6D229F50-149B-4D5D-9608-D89729526C24}.Debug|Any CPU.ActiveCfg = Debug|Any CPU
		{6D229F50-149B-4D5D-9608-D89729526C24}.Debug|Any CPU.Build.0 = Debug|Any CPU
		{6D229F50-149B-4D5D-9608-D89729526C24}.Release|Any CPU.ActiveCfg = Release|Any CPU
		{6D229F50-149B-4D5D-9608-D89729526C24}.Release|Any CPU.Build.0 = Release|Any CPU
		{06703CE1-06AE-4021-889B-6554D7672063}.Debug|Any CPU.ActiveCfg = Debug|Any CPU
		{06703CE1-06AE-4021-889B-6554D7672063}.Debug|Any CPU.Build.0 = Debug|Any CPU
		{06703CE1-06AE-4021-889B-6554D7672063}.Release|Any CPU.ActiveCfg = Release|Any CPU
		{06703CE1-06AE-4021-889B-6554D7672063}.Release|Any CPU.Build.0 = Release|Any CPU
		{1FD7290B-A08D-4CAF-917E-2D7D8AFF4C9C}.Debug|Any CPU.ActiveCfg = Debug|Any CPU
		{1FD7290B-A08D-4CAF-917E-2D7D8AFF4C9C}.Debug|Any CPU.Build.0 = Debug|Any CPU
		{1FD7290B-A08D-4CAF-917E-2D7D8AFF4C9C}.Release|Any CPU.ActiveCfg = Release|Any CPU
		{1FD7290B-A08D-4CAF-917E-2D7D8AFF4C9C}.Release|Any CPU.Build.0 = Release|Any CPU
		{F8F6CDE7-BAB0-4CAE-8581-BBBFCAD220E2}.Debug|Any CPU.ActiveCfg = Debug|Any CPU
		{F8F6CDE7-BAB0-4CAE-8581-BBBFCAD220E2}.Debug|Any CPU.Build.0 = Debug|Any CPU
		{F8F6CDE7-BAB0-4CAE-8581-BBBFCAD220E2}.Release|Any CPU.ActiveCfg = Release|Any CPU
		{F8F6CDE7-BAB0-4CAE-8581-BBBFCAD220E2}.Release|Any CPU.Build.0 = Release|Any CPU
	EndGlobalSection
	GlobalSection(NestedProjects) = preSolution
		{EEDA0AD3-426C-426B-8832-B34B21B1D332} = {F60C1E3A-80C0-4F52-9CE0-C3D24657A3AC}
		{4AF8020B-0106-4856-A1CB-89186A42F58D} = {F60C1E3A-80C0-4F52-9CE0-C3D24657A3AC}
		{FDE5555A-87A2-4EDD-92DF-7948CD95E4CB} = {7A6DFB3B-9FF1-41B5-A109-33C03EE11F2C}
		{675C7DE3-C822-423C-8F95-86E9D2F1D1B3} = {FDE5555A-87A2-4EDD-92DF-7948CD95E4CB}
		{196B674C-64F3-4589-AF46-7C27B5538E1F} = {F60C1E3A-80C0-4F52-9CE0-C3D24657A3AC}
		{E053FCC1-A44B-4D2F-BF1E-776F1343D07C} = {7A6DFB3B-9FF1-41B5-A109-33C03EE11F2C}
		{6AC17111-DEE1-4150-92BB-93A75F63F7A2} = {EEDA0AD3-426C-426B-8832-B34B21B1D332}
		{78B496C4-1EAF-4703-8625-1A2652843F0F} = {F60C1E3A-80C0-4F52-9CE0-C3D24657A3AC}
		{ADF6AFAF-697D-4B1E-9AE6-B7529B51B332} = {EEDA0AD3-426C-426B-8832-B34B21B1D332}
		{FB953362-7F2F-433D-932C-52924B8B15C9} = {EEDA0AD3-426C-426B-8832-B34B21B1D332}
		{A79CA617-3F5D-4017-97AC-41C70A117F2D} = {F60C1E3A-80C0-4F52-9CE0-C3D24657A3AC}
		{A8BD4266-4B67-4011-BEBA-9BA0126AB340} = {FDE5555A-87A2-4EDD-92DF-7948CD95E4CB}
		{A49CB9AC-43D3-4AB4-8A68-D1CCBF84DBE9} = {FDE5555A-87A2-4EDD-92DF-7948CD95E4CB}
		{5D360394-A8A6-497F-9916-28988BC77A4A} = {FDE5555A-87A2-4EDD-92DF-7948CD95E4CB}
		{173EE4F7-BD75-4212-8109-28CF01AFDD7B} = {A79CA617-3F5D-4017-97AC-41C70A117F2D}
		{6DF4768B-4F1B-4649-9833-D13D073B362D} = {2B210941-A9AD-487A-9FBC-5DB777CFA860}
		{07B34B71-96D5-4881-B89E-EF8C4885BF9F} = {78B496C4-1EAF-4703-8625-1A2652843F0F}
		{11AD4093-67A3-4953-96A2-8E5A1F885401} = {07B34B71-96D5-4881-B89E-EF8C4885BF9F}
		{A2E2A2C0-C830-4972-B0B4-86AA232111F3} = {07B34B71-96D5-4881-B89E-EF8C4885BF9F}
		{3999AAA9-4FA4-4813-BA2F-ED1368A64375} = {07B34B71-96D5-4881-B89E-EF8C4885BF9F}
		{A4A8A943-8344-41AD-B03B-D7847CC87950} = {07B34B71-96D5-4881-B89E-EF8C4885BF9F}
		{D9CE6C8E-6482-48A6-A38D-C2B8E8DB465B} = {A79CA617-3F5D-4017-97AC-41C70A117F2D}
		{4C8073E6-2ACA-41A3-A1B4-F28F0440F762} = {D9CE6C8E-6482-48A6-A38D-C2B8E8DB465B}
		{C34F06E2-C999-414B-80CE-24A1760111A8} = {D9CE6C8E-6482-48A6-A38D-C2B8E8DB465B}
		{E8DEBEB9-E83B-4BFC-85F7-4D2A68A1EF97} = {D9CE6C8E-6482-48A6-A38D-C2B8E8DB465B}
		{2A602A2D-B7EE-47D4-808D-EE678F2321A5} = {D9CE6C8E-6482-48A6-A38D-C2B8E8DB465B}
		{0EB7994D-E95F-4C2D-8A94-5C9E5561B60B} = {7A6DFB3B-9FF1-41B5-A109-33C03EE11F2C}
		{374A7F46-2E88-46FC-B777-B083C1379FB1} = {0EB7994D-E95F-4C2D-8A94-5C9E5561B60B}
		{C24272C2-7E5F-4B84-8199-CE84F874C154} = {0EB7994D-E95F-4C2D-8A94-5C9E5561B60B}
		{ABB05F9F-B4A9-4FD9-8CF5-29C9B6EB4FDA} = {0EB7994D-E95F-4C2D-8A94-5C9E5561B60B}
		{C919A6A4-E91F-42F6-B0BF-DA121055CDD6} = {0EB7994D-E95F-4C2D-8A94-5C9E5561B60B}
		{78C5E128-41EA-410C-84F5-5F442CB0772B} = {0EB7994D-E95F-4C2D-8A94-5C9E5561B60B}
		{94837FBC-8DEA-4FA1-A500-50EB7644767B} = {2B210941-A9AD-487A-9FBC-5DB777CFA860}
		{640F8BE9-B021-4E01-8968-676FBCE073F0} = {94837FBC-8DEA-4FA1-A500-50EB7644767B}
		{71E71507-AA54-4E85-A0A0-D5FF8ABCFBC2} = {94837FBC-8DEA-4FA1-A500-50EB7644767B}
		{CC4794B4-7FD2-40CB-B3AC-486FEC50A6E9} = {94837FBC-8DEA-4FA1-A500-50EB7644767B}
		{07D68849-A2CC-49E1-8495-2E598B44DC3F} = {94837FBC-8DEA-4FA1-A500-50EB7644767B}
		{C95259DD-7E03-414D-9474-6C0A91458CF8} = {2B210941-A9AD-487A-9FBC-5DB777CFA860}
		{58B04A4E-C934-4951-B4B4-D90FADE7F331} = {C95259DD-7E03-414D-9474-6C0A91458CF8}
		{191ECD45-6C6B-4204-986E-94902E2E6AFF} = {C95259DD-7E03-414D-9474-6C0A91458CF8}
		{3321E338-8F2D-4302-9DFC-68723132E294} = {C95259DD-7E03-414D-9474-6C0A91458CF8}
		{B672AF8A-E957-4C2C-992D-197868F199E7} = {C95259DD-7E03-414D-9474-6C0A91458CF8}
		{6D229F50-149B-4D5D-9608-D89729526C24} = {C95259DD-7E03-414D-9474-6C0A91458CF8}
		{EA2C9B3A-F03C-41CA-929E-B9A2F1CA418F} = {A79CA617-3F5D-4017-97AC-41C70A117F2D}
		{3C69FF89-2E54-42E0-B5DA-A0D38528755B} = {78B496C4-1EAF-4703-8625-1A2652843F0F}
		{06703CE1-06AE-4021-889B-6554D7672063} = {EA2C9B3A-F03C-41CA-929E-B9A2F1CA418F}
		{1FD7290B-A08D-4CAF-917E-2D7D8AFF4C9C} = {731E5676-CC1B-4E4E-98C6-AF5CAB518362}
		{F8F6CDE7-BAB0-4CAE-8581-BBBFCAD220E2} = {731E5676-CC1B-4E4E-98C6-AF5CAB518362}
	EndGlobalSection
EndGlobal
