
Microsoft Visual Studio Solution File, Format Version 12.00
Project("{2150E333-8FDC-42A3-9474-1A3956D46DE8}") = "src", "src", "{7A6DFB3B-9FF1-41B5-A109-33C03EE11F2C}"
	ProjectSection(SolutionItems) = preProject
		.gitignore = .gitignore
	EndProjectSection
EndProject
Project("{2150E333-8FDC-42A3-9474-1A3956D46DE8}") = "tests", "tests", "{F60C1E3A-80C0-4F52-9CE0-C3D24657A3AC}"
EndProject
Project("{2150E333-8FDC-42A3-9474-1A3956D46DE8}") = "build", "build", "{CABC8A5A-C713-4EAE-8C3D-D3EA33A42845}"
	ProjectSection(SolutionItems) = preProject
		Directory.Build.props = Directory.Build.props
		Directory.Build.targets = Directory.Build.targets
	EndProjectSection
EndProject
Project("{2150E333-8FDC-42A3-9474-1A3956D46DE8}") = "docs", "docs", "{9C27065F-E1D7-49F8-9C9C-073C31E3FC30}"
	ProjectSection(SolutionItems) = preProject
		docs\flexkit-style-guide.md = docs\flexkit-style-guide.md
		CHANGELOG.md = CHANGELOG.md
		README.md = README.md
		LICENSE = LICENSE
	EndProjectSection
EndProject
Project("{2150E333-8FDC-42A3-9474-1A3956D46DE8}") = "samples", "samples", "{731E5676-CC1B-4E4E-98C6-AF5CAB518362}"
EndProject
Project("{2150E333-8FDC-42A3-9474-1A3956D46DE8}") = "ProjectTemplates", "ProjectTemplates", "{EEDA0AD3-426C-426B-8832-B34B21B1D332}"
EndProject
Project("{2150E333-8FDC-42A3-9474-1A3956D46DE8}") = "scripts", "scripts", "{4AF8020B-0106-4856-A1CB-89186A42F58D}"
	ProjectSection(SolutionItems) = preProject
		tests\scripts\coverage.ps1 = tests\scripts\coverage.ps1
		tests\scripts\integration.ps1 = tests\scripts\integration.ps1
	EndProjectSection
EndProject
Project("{FAE04EC0-301F-11D3-BF4B-00C04F79EFBC}") = "FlexKit.Configuration", "src\FlexKit.Configuration\FlexKit.Configuration.csproj", "{675C7DE3-C822-423C-8F95-86E9D2F1D1B3}"
EndProject
Project("{FAE04EC0-301F-11D3-BF4B-00C04F79EFBC}") = "FlexKit.Configuration.AspNetCore", "src\FlexKit.Configuration.AspNetCore\FlexKit.Configuration.AspNetCore.csproj", "{FDA10764-D558-48DF-8436-8F34187F8148}"
EndProject
Project("{2150E333-8FDC-42A3-9474-1A3956D46DE8}") = "configuration", "configuration", "{FDE5555A-87A2-4EDD-92DF-7948CD95E4CB}"
EndProject
Project("{2150E333-8FDC-42A3-9474-1A3956D46DE8}") = "rules", "rules", "{196B674C-64F3-4589-AF46-7C27B5538E1F}"
	ProjectSection(SolutionItems) = preProject
		tests\Directory.Build.props = tests\Directory.Build.props
		tests\Directory.Build.targets = tests\Directory.Build.targets
	EndProjectSection
EndProject
Project("{2150E333-8FDC-42A3-9474-1A3956D46DE8}") = "rules", "rules", "{E053FCC1-A44B-4D2F-BF1E-776F1343D07C}"
	ProjectSection(SolutionItems) = preProject
		src\.editorconfig = src\.editorconfig
		src\Directory.Build.props = src\Directory.Build.props
		src\Directory.Build.targets = src\Directory.Build.targets
		src\global.json = src\global.json
	EndProjectSection
EndProject
Project("{2150E333-8FDC-42A3-9474-1A3956D46DE8}") = "FlexKit-unit-test", "FlexKit-unit-test", "{6AC17111-DEE1-4150-92BB-93A75F63F7A2}"
	ProjectSection(SolutionItems) = preProject
		tests\ProjectTemplates\FlexKit-unit-test\.template.config\template.json = tests\ProjectTemplates\FlexKit-unit-test\.template.config\template.json
		tests\ProjectTemplates\FlexKit-unit-test\FlexKit.UnitTest.Template.csproj = tests\ProjectTemplates\FlexKit-unit-test\FlexKit.UnitTest.Template.csproj
	EndProjectSection
EndProject
Project("{2150E333-8FDC-42A3-9474-1A3956D46DE8}") = "unit_tests", "unit_tests", "{78B496C4-1EAF-4703-8625-1A2652843F0F}"
EndProject
Project("{2150E333-8FDC-42A3-9474-1A3956D46DE8}") = "FlexKit-performance-test", "FlexKit-performance-test", "{ADF6AFAF-697D-4B1E-9AE6-B7529B51B332}"
	ProjectSection(SolutionItems) = preProject
		tests\ProjectTemplates\FlexKit-performance-test\.template.config\template.json = tests\ProjectTemplates\FlexKit-performance-test\.template.config\template.json
		tests\ProjectTemplates\FlexKit-performance-test\FlexKit.PerformanceTest.Template.csproj = tests\ProjectTemplates\FlexKit-performance-test\FlexKit.PerformanceTest.Template.csproj
	EndProjectSection
EndProject
Project("{2150E333-8FDC-42A3-9474-1A3956D46DE8}") = "FlexKit-integration-test", "FlexKit-integration-test", "{FB953362-7F2F-433D-932C-52924B8B15C9}"
	ProjectSection(SolutionItems) = preProject
		tests\ProjectTemplates\FlexKit-integration-test\.template.config\template.json = tests\ProjectTemplates\FlexKit-integration-test\.template.config\template.json
		tests\ProjectTemplates\FlexKit-integration-test\FlexKit.IntegrationTest.Template.csproj = tests\ProjectTemplates\FlexKit-integration-test\FlexKit.IntegrationTest.Template.csproj
		tests\ProjectTemplates\FlexKit-integration-test\reqnroll.json = tests\ProjectTemplates\FlexKit-integration-test\reqnroll.json
	EndProjectSection
EndProject
Project("{FAE04EC0-301F-11D3-BF4B-00C04F79EFBC}") = "FlexKit.Configuration.Tests", "tests\FlexKit.Configuration.Tests\FlexKit.Configuration.Tests.csproj", "{11AD4093-67A3-4953-96A2-8E5A1F885401}"
EndProject
Project("{2150E333-8FDC-42A3-9474-1A3956D46DE8}") = "integration_tests", "integration_tests", "{A79CA617-3F5D-4017-97AC-41C70A117F2D}"
EndProject
Project("{FAE04EC0-301F-11D3-BF4B-00C04F79EFBC}") = "FlexKit.Configuration.Providers.Yaml", "src\FlexKit.Configuration.Providers.Yaml\FlexKit.Configuration.Providers.Yaml.csproj", "{A8BD4266-4B67-4011-BEBA-9BA0126AB340}"
EndProject
Project("{FAE04EC0-301F-11D3-BF4B-00C04F79EFBC}") = "FlexKit.Configuration.Providers.Azure", "src\FlexKit.Configuration.Providers.Azure\FlexKit.Configuration.Providers.Azure.csproj", "{A49CB9AC-43D3-4AB4-8A68-D1CCBF84DBE9}"
EndProject
Project("{FAE04EC0-301F-11D3-BF4B-00C04F79EFBC}") = "FlexKit.Configuration.Providers.Aws", "src\FlexKit.Configuration.Providers.Aws\FlexKit.Configuration.Providers.Aws.csproj", "{5D360394-A8A6-497F-9916-28988BC77A4A}"
EndProject
Project("{FAE04EC0-301F-11D3-BF4B-00C04F79EFBC}") = "FlexKit.Configuration.Lambda", "src\FlexKit.Configuration.Lambda\FlexKit.Configuration.Lambda.csproj", "{D2EA6810-BE5E-46D2-8057-60C5CED2E111}"
EndProject
Project("{FAE04EC0-301F-11D3-BF4B-00C04F79EFBC}") = "FlexKit.Configuration.AzureFunctions", "src\FlexKit.Configuration.AzureFunctions\FlexKit.Configuration.AzureFunctions.csproj", "{3264E11F-3729-48C8-966F-904E6DE4163E}"
EndProject
Project("{FAE04EC0-301F-11D3-BF4B-00C04F79EFBC}") = "FlexKit.Configuration.Hosting", "src\FlexKit.Configuration.Hosting\FlexKit.Configuration.Hosting.csproj", "{598AAA58-5FA9-47C9-AAB3-8406A51497EF}"
EndProject
Project("{FAE04EC0-301F-11D3-BF4B-00C04F79EFBC}") = "FlexKit.Configuration.IntegrationTests", "tests\FlexKit.Configuration.IntegrationTests\FlexKit.Configuration.IntegrationTests.csproj", "{4C8073E6-2ACA-41A3-A1B4-F28F0440F762}"
EndProject
Project("{FAE04EC0-301F-11D3-BF4B-00C04F79EFBC}") = "FlexKit.IntegrationTests", "tests\FlexKit.IntegrationTests\FlexKit.IntegrationTests.csproj", "{173EE4F7-BD75-4212-8109-28CF01AFDD7B}"
EndProject
Project("{2150E333-8FDC-42A3-9474-1A3956D46DE8}") = "benchmarks", "benchmarks", "{2B210941-A9AD-487A-9FBC-5DB777CFA860}"
EndProject
Project("{FAE04EC0-301F-11D3-BF4B-00C04F79EFBC}") = "FlexKit.Configuration.PerformanceTests", "benchmarks\FlexKit.Configuration.PerformanceTests\FlexKit.Configuration.PerformanceTests.csproj", "{640F8BE9-B021-4E01-8968-676FBCE073F0}"
EndProject
Project("{2150E333-8FDC-42A3-9474-1A3956D46DE8}") = "scripts", "scripts", "{6DF4768B-4F1B-4649-9833-D13D073B362D}"
EndProject
Project("{2150E333-8FDC-42A3-9474-1A3956D46DE8}") = "configuration", "configuration", "{07B34B71-96D5-4881-B89E-EF8C4885BF9F}"
EndProject
Project("{FAE04EC0-301F-11D3-BF4B-00C04F79EFBC}") = "FlexKit.Configuration.Providers.Yaml.Tests", "tests\FlexKit.Configuration.Providers.Yaml.Tests\FlexKit.Configuration.Providers.Yaml.Tests.csproj", "{A2E2A2C0-C830-4972-B0B4-86AA232111F3}"
EndProject
Global
	GlobalSection(SolutionConfigurationPlatforms) = preSolution
		Debug|Any CPU = Debug|Any CPU
		Release|Any CPU = Release|Any CPU
	EndGlobalSection
	GlobalSection(ProjectConfigurationPlatforms) = postSolution
		{675C7DE3-C822-423C-8F95-86E9D2F1D1B3}.Debug|Any CPU.ActiveCfg = Debug|Any CPU
		{675C7DE3-C822-423C-8F95-86E9D2F1D1B3}.Debug|Any CPU.Build.0 = Debug|Any CPU
		{675C7DE3-C822-423C-8F95-86E9D2F1D1B3}.Release|Any CPU.ActiveCfg = Release|Any CPU
		{675C7DE3-C822-423C-8F95-86E9D2F1D1B3}.Release|Any CPU.Build.0 = Release|Any CPU
		{FDA10764-D558-48DF-8436-8F34187F8148}.Debug|Any CPU.ActiveCfg = Debug|Any CPU
		{FDA10764-D558-48DF-8436-8F34187F8148}.Debug|Any CPU.Build.0 = Debug|Any CPU
		{FDA10764-D558-48DF-8436-8F34187F8148}.Release|Any CPU.ActiveCfg = Release|Any CPU
		{FDA10764-D558-48DF-8436-8F34187F8148}.Release|Any CPU.Build.0 = Release|Any CPU
		{11AD4093-67A3-4953-96A2-8E5A1F885401}.Debug|Any CPU.ActiveCfg = Debug|Any CPU
		{11AD4093-67A3-4953-96A2-8E5A1F885401}.Debug|Any CPU.Build.0 = Debug|Any CPU
		{11AD4093-67A3-4953-96A2-8E5A1F885401}.Release|Any CPU.ActiveCfg = Release|Any CPU
		{11AD4093-67A3-4953-96A2-8E5A1F885401}.Release|Any CPU.Build.0 = Release|Any CPU
		{A8BD4266-4B67-4011-BEBA-9BA0126AB340}.Debug|Any CPU.ActiveCfg = Debug|Any CPU
		{A8BD4266-4B67-4011-BEBA-9BA0126AB340}.Debug|Any CPU.Build.0 = Debug|Any CPU
		{A8BD4266-4B67-4011-BEBA-9BA0126AB340}.Release|Any CPU.ActiveCfg = Release|Any CPU
		{A8BD4266-4B67-4011-BEBA-9BA0126AB340}.Release|Any CPU.Build.0 = Release|Any CPU
		{A49CB9AC-43D3-4AB4-8A68-D1CCBF84DBE9}.Debug|Any CPU.ActiveCfg = Debug|Any CPU
		{A49CB9AC-43D3-4AB4-8A68-D1CCBF84DBE9}.Debug|Any CPU.Build.0 = Debug|Any CPU
		{A49CB9AC-43D3-4AB4-8A68-D1CCBF84DBE9}.Release|Any CPU.ActiveCfg = Release|Any CPU
		{A49CB9AC-43D3-4AB4-8A68-D1CCBF84DBE9}.Release|Any CPU.Build.0 = Release|Any CPU
		{5D360394-A8A6-497F-9916-28988BC77A4A}.Debug|Any CPU.ActiveCfg = Debug|Any CPU
		{5D360394-A8A6-497F-9916-28988BC77A4A}.Debug|Any CPU.Build.0 = Debug|Any CPU
		{5D360394-A8A6-497F-9916-28988BC77A4A}.Release|Any CPU.ActiveCfg = Release|Any CPU
		{5D360394-A8A6-497F-9916-28988BC77A4A}.Release|Any CPU.Build.0 = Release|Any CPU
		{D2EA6810-BE5E-46D2-8057-60C5CED2E111}.Debug|Any CPU.ActiveCfg = Debug|Any CPU
		{D2EA6810-BE5E-46D2-8057-60C5CED2E111}.Debug|Any CPU.Build.0 = Debug|Any CPU
		{D2EA6810-BE5E-46D2-8057-60C5CED2E111}.Release|Any CPU.ActiveCfg = Release|Any CPU
		{D2EA6810-BE5E-46D2-8057-60C5CED2E111}.Release|Any CPU.Build.0 = Release|Any CPU
		{3264E11F-3729-48C8-966F-904E6DE4163E}.Debug|Any CPU.ActiveCfg = Debug|Any CPU
		{3264E11F-3729-48C8-966F-904E6DE4163E}.Debug|Any CPU.Build.0 = Debug|Any CPU
		{3264E11F-3729-48C8-966F-904E6DE4163E}.Release|Any CPU.ActiveCfg = Release|Any CPU
		{3264E11F-3729-48C8-966F-904E6DE4163E}.Release|Any CPU.Build.0 = Release|Any CPU
		{598AAA58-5FA9-47C9-AAB3-8406A51497EF}.Debug|Any CPU.ActiveCfg = Debug|Any CPU
		{598AAA58-5FA9-47C9-AAB3-8406A51497EF}.Debug|Any CPU.Build.0 = Debug|Any CPU
		{598AAA58-5FA9-47C9-AAB3-8406A51497EF}.Release|Any CPU.ActiveCfg = Release|Any CPU
		{598AAA58-5FA9-47C9-AAB3-8406A51497EF}.Release|Any CPU.Build.0 = Release|Any CPU
		{4C8073E6-2ACA-41A3-A1B4-F28F0440F762}.Debug|Any CPU.ActiveCfg = Debug|Any CPU
		{4C8073E6-2ACA-41A3-A1B4-F28F0440F762}.Debug|Any CPU.Build.0 = Debug|Any CPU
		{4C8073E6-2ACA-41A3-A1B4-F28F0440F762}.Release|Any CPU.ActiveCfg = Release|Any CPU
		{4C8073E6-2ACA-41A3-A1B4-F28F0440F762}.Release|Any CPU.Build.0 = Release|Any CPU
		{173EE4F7-BD75-4212-8109-28CF01AFDD7B}.Debug|Any CPU.ActiveCfg = Debug|Any CPU
		{173EE4F7-BD75-4212-8109-28CF01AFDD7B}.Debug|Any CPU.Build.0 = Debug|Any CPU
		{173EE4F7-BD75-4212-8109-28CF01AFDD7B}.Release|Any CPU.ActiveCfg = Release|Any CPU
		{173EE4F7-BD75-4212-8109-28CF01AFDD7B}.Release|Any CPU.Build.0 = Release|Any CPU
		{640F8BE9-B021-4E01-8968-676FBCE073F0}.Debug|Any CPU.ActiveCfg = Debug|Any CPU
		{640F8BE9-B021-4E01-8968-676FBCE073F0}.Debug|Any CPU.Build.0 = Debug|Any CPU
		{640F8BE9-B021-4E01-8968-676FBCE073F0}.Release|Any CPU.ActiveCfg = Release|Any CPU
		{640F8BE9-B021-4E01-8968-676FBCE073F0}.Release|Any CPU.Build.0 = Release|Any CPU
		{A2E2A2C0-C830-4972-B0B4-86AA232111F3}.Debug|Any CPU.ActiveCfg = Debug|Any CPU
		{A2E2A2C0-C830-4972-B0B4-86AA232111F3}.Debug|Any CPU.Build.0 = Debug|Any CPU
		{A2E2A2C0-C830-4972-B0B4-86AA232111F3}.Release|Any CPU.ActiveCfg = Release|Any CPU
		{A2E2A2C0-C830-4972-B0B4-86AA232111F3}.Release|Any CPU.Build.0 = Release|Any CPU
	EndGlobalSection
	GlobalSection(NestedProjects) = preSolution
		{EEDA0AD3-426C-426B-8832-B34B21B1D332} = {F60C1E3A-80C0-4F52-9CE0-C3D24657A3AC}
		{4AF8020B-0106-4856-A1CB-89186A42F58D} = {F60C1E3A-80C0-4F52-9CE0-C3D24657A3AC}
		{FDE5555A-87A2-4EDD-92DF-7948CD95E4CB} = {7A6DFB3B-9FF1-41B5-A109-33C03EE11F2C}
		{675C7DE3-C822-423C-8F95-86E9D2F1D1B3} = {FDE5555A-87A2-4EDD-92DF-7948CD95E4CB}
		{FDA10764-D558-48DF-8436-8F34187F8148} = {FDE5555A-87A2-4EDD-92DF-7948CD95E4CB}
		{196B674C-64F3-4589-AF46-7C27B5538E1F} = {F60C1E3A-80C0-4F52-9CE0-C3D24657A3AC}
		{E053FCC1-A44B-4D2F-BF1E-776F1343D07C} = {7A6DFB3B-9FF1-41B5-A109-33C03EE11F2C}
		{6AC17111-DEE1-4150-92BB-93A75F63F7A2} = {EEDA0AD3-426C-426B-8832-B34B21B1D332}
		{78B496C4-1EAF-4703-8625-1A2652843F0F} = {F60C1E3A-80C0-4F52-9CE0-C3D24657A3AC}
		{ADF6AFAF-697D-4B1E-9AE6-B7529B51B332} = {EEDA0AD3-426C-426B-8832-B34B21B1D332}
		{FB953362-7F2F-433D-932C-52924B8B15C9} = {EEDA0AD3-426C-426B-8832-B34B21B1D332}
		{A79CA617-3F5D-4017-97AC-41C70A117F2D} = {F60C1E3A-80C0-4F52-9CE0-C3D24657A3AC}
		{A8BD4266-4B67-4011-BEBA-9BA0126AB340} = {FDE5555A-87A2-4EDD-92DF-7948CD95E4CB}
		{A49CB9AC-43D3-4AB4-8A68-D1CCBF84DBE9} = {FDE5555A-87A2-4EDD-92DF-7948CD95E4CB}
		{5D360394-A8A6-497F-9916-28988BC77A4A} = {FDE5555A-87A2-4EDD-92DF-7948CD95E4CB}
		{D2EA6810-BE5E-46D2-8057-60C5CED2E111} = {FDE5555A-87A2-4EDD-92DF-7948CD95E4CB}
		{3264E11F-3729-48C8-966F-904E6DE4163E} = {FDE5555A-87A2-4EDD-92DF-7948CD95E4CB}
		{598AAA58-5FA9-47C9-AAB3-8406A51497EF} = {FDE5555A-87A2-4EDD-92DF-7948CD95E4CB}
		{4C8073E6-2ACA-41A3-A1B4-F28F0440F762} = {A79CA617-3F5D-4017-97AC-41C70A117F2D}
		{173EE4F7-BD75-4212-8109-28CF01AFDD7B} = {A79CA617-3F5D-4017-97AC-41C70A117F2D}
		{640F8BE9-B021-4E01-8968-676FBCE073F0} = {2B210941-A9AD-487A-9FBC-5DB777CFA860}
		{6DF4768B-4F1B-4649-9833-D13D073B362D} = {2B210941-A9AD-487A-9FBC-5DB777CFA860}
		{07B34B71-96D5-4881-B89E-EF8C4885BF9F} = {78B496C4-1EAF-4703-8625-1A2652843F0F}
		{11AD4093-67A3-4953-96A2-8E5A1F885401} = {07B34B71-96D5-4881-B89E-EF8C4885BF9F}
		{A2E2A2C0-C830-4972-B0B4-86AA232111F3} = {07B34B71-96D5-4881-B89E-EF8C4885BF9F}
	EndGlobalSection
EndGlobal
